
Microsoft Visual Studio Solution File, Format Version 12.00
# Visual Studio Version 16
VisualStudioVersion = 16.0.29728.190
MinimumVisualStudioVersion = 10.0.40219.1
Project("{FAE04EC0-301F-11D3-BF4B-00C04F79EFBC}") = "Sem2_Lab1_Calculator", "Sem2_Lab1_Calculator\Sem2_Lab1_Calculator.csproj", "{1EBD9FD8-17A1-47C6-9504-760A3FA8ECBA}"
EndProject
Global
	GlobalSection(SolutionConfigurationPlatforms) = preSolution
		Debug|Any CPU = Debug|Any CPU
		Release|Any CPU = Release|Any CPU
	EndGlobalSection
	GlobalSection(ProjectConfigurationPlatforms) = postSolution
		{1EBD9FD8-17A1-47C6-9504-760A3FA8ECBA}.Debug|Any CPU.ActiveCfg = Debug|Any CPU
		{1EBD9FD8-17A1-47C6-9504-760A3FA8ECBA}.Debug|Any CPU.Build.0 = Debug|Any CPU
		{1EBD9FD8-17A1-47C6-9504-760A3FA8ECBA}.Release|Any CPU.ActiveCfg = Release|Any CPU
		{1EBD9FD8-17A1-47C6-9504-760A3FA8ECBA}.Release|Any CPU.Build.0 = Release|Any CPU
	EndGlobalSection
	GlobalSection(SolutionProperties) = preSolution
		HideSolutionNode = FALSE
	EndGlobalSection
	GlobalSection(ExtensibilityGlobals) = postSolution
		SolutionGuid = {5AE97C98-31F5-4BAE-870C-EFD7B77F4F33}
	EndGlobalSection
EndGlobal
