
Microsoft Visual Studio Solution File, Format Version 12.00
# Visual Studio Version 16
VisualStudioVersion = 16.0.29728.190
MinimumVisualStudioVersion = 10.0.40219.1
Project("{FAE04EC0-301F-11D3-BF4B-00C04F79EFBC}") = "Sem2_Lab3", "Sem2_Lab3\Sem2_Lab3.csproj", "{3CD407B5-ABDE-4BB2-ADC0-C605E6BAF13E}"
EndProject
Global
	GlobalSection(SolutionConfigurationPlatforms) = preSolution
		Debug|Any CPU = Debug|Any CPU
		Release|Any CPU = Release|Any CPU
	EndGlobalSection
	GlobalSection(ProjectConfigurationPlatforms) = postSolution
		{3CD407B5-ABDE-4BB2-ADC0-C605E6BAF13E}.Debug|Any CPU.ActiveCfg = Debug|Any CPU
		{3CD407B5-ABDE-4BB2-ADC0-C605E6BAF13E}.Debug|Any CPU.Build.0 = Debug|Any CPU
		{3CD407B5-ABDE-4BB2-ADC0-C605E6BAF13E}.Release|Any CPU.ActiveCfg = Release|Any CPU
		{3CD407B5-ABDE-4BB2-ADC0-C605E6BAF13E}.Release|Any CPU.Build.0 = Release|Any CPU
	EndGlobalSection
	GlobalSection(SolutionProperties) = preSolution
		HideSolutionNode = FALSE
	EndGlobalSection
	GlobalSection(ExtensibilityGlobals) = postSolution
		SolutionGuid = {144ED41F-1BC3-488A-899B-6DE3B7A76CA5}
	EndGlobalSection
EndGlobal
