
Microsoft Visual Studio Solution File, Format Version 12.00
# Visual Studio Version 16
VisualStudioVersion = 16.0.29509.3
MinimumVisualStudioVersion = 10.0.40219.1
Project("{FAE04EC0-301F-11D3-BF4B-00C04F79EFBC}") = "labka9", "labka9\labka9.csproj", "{88314045-9B83-497B-B057-22303C8D45CE}"
EndProject
Global
	GlobalSection(SolutionConfigurationPlatforms) = preSolution
		Debug|Any CPU = Debug|Any CPU
		Release|Any CPU = Release|Any CPU
	EndGlobalSection
	GlobalSection(ProjectConfigurationPlatforms) = postSolution
		{88314045-9B83-497B-B057-22303C8D45CE}.Debug|Any CPU.ActiveCfg = Debug|Any CPU
		{88314045-9B83-497B-B057-22303C8D45CE}.Debug|Any CPU.Build.0 = Debug|Any CPU
		{88314045-9B83-497B-B057-22303C8D45CE}.Release|Any CPU.ActiveCfg = Release|Any CPU
		{88314045-9B83-497B-B057-22303C8D45CE}.Release|Any CPU.Build.0 = Release|Any CPU
	EndGlobalSection
	GlobalSection(SolutionProperties) = preSolution
		HideSolutionNode = FALSE
	EndGlobalSection
	GlobalSection(ExtensibilityGlobals) = postSolution
		SolutionGuid = {D314E0A0-62D4-49BB-8A59-00669A76FAEC}
	EndGlobalSection
EndGlobal
